
Microsoft Visual Studio Solution File, Format Version 12.00
# Visual Studio Version 16
VisualStudioVersion = 16.0.31624.102
MinimumVisualStudioVersion = 10.0.40219.1
Project("{9A19103F-16F7-4668-BE54-9A1E7A4F7556}") = "Publisher", "Publisher\Publisher.csproj", "{1039FFB8-EC89-4452-A641-1EBA4FCAC9D6}"
EndProject
Project("{9A19103F-16F7-4668-BE54-9A1E7A4F7556}") = "Infrastructure", "Infrastructure\Infrastructure.csproj", "{C496474D-C86E-46B5-8BDC-0C5DD4346C4B}"
EndProject
Project("{9A19103F-16F7-4668-BE54-9A1E7A4F7556}") = "PBIService", "PBIService\PBIService.csproj", "{CB1D97E3-7199-45A0-B7F1-05F54CD7A6B3}"
EndProject
Project("{FAE04EC0-301F-11D3-BF4B-00C04F79EFBC}") = "DossierService", "DossierService\DossierService.csproj", "{6E080063-7CF8-4D11-8274-184E62A06D6B}"
EndProject
Global
	GlobalSection(SolutionConfigurationPlatforms) = preSolution
		Debug|Any CPU = Debug|Any CPU
		Release|Any CPU = Release|Any CPU
	EndGlobalSection
	GlobalSection(ProjectConfigurationPlatforms) = postSolution
		{1039FFB8-EC89-4452-A641-1EBA4FCAC9D6}.Debug|Any CPU.ActiveCfg = Debug|Any CPU
		{1039FFB8-EC89-4452-A641-1EBA4FCAC9D6}.Debug|Any CPU.Build.0 = Debug|Any CPU
		{1039FFB8-EC89-4452-A641-1EBA4FCAC9D6}.Release|Any CPU.ActiveCfg = Release|Any CPU
		{1039FFB8-EC89-4452-A641-1EBA4FCAC9D6}.Release|Any CPU.Build.0 = Release|Any CPU
		{C496474D-C86E-46B5-8BDC-0C5DD4346C4B}.Debug|Any CPU.ActiveCfg = Debug|Any CPU
		{C496474D-C86E-46B5-8BDC-0C5DD4346C4B}.Debug|Any CPU.Build.0 = Debug|Any CPU
		{C496474D-C86E-46B5-8BDC-0C5DD4346C4B}.Release|Any CPU.ActiveCfg = Release|Any CPU
		{C496474D-C86E-46B5-8BDC-0C5DD4346C4B}.Release|Any CPU.Build.0 = Release|Any CPU
		{CB1D97E3-7199-45A0-B7F1-05F54CD7A6B3}.Debug|Any CPU.ActiveCfg = Debug|Any CPU
		{CB1D97E3-7199-45A0-B7F1-05F54CD7A6B3}.Debug|Any CPU.Build.0 = Debug|Any CPU
		{CB1D97E3-7199-45A0-B7F1-05F54CD7A6B3}.Release|Any CPU.ActiveCfg = Release|Any CPU
		{CB1D97E3-7199-45A0-B7F1-05F54CD7A6B3}.Release|Any CPU.Build.0 = Release|Any CPU
		{6E080063-7CF8-4D11-8274-184E62A06D6B}.Debug|Any CPU.ActiveCfg = Debug|Any CPU
		{6E080063-7CF8-4D11-8274-184E62A06D6B}.Debug|Any CPU.Build.0 = Debug|Any CPU
		{6E080063-7CF8-4D11-8274-184E62A06D6B}.Release|Any CPU.ActiveCfg = Release|Any CPU
		{6E080063-7CF8-4D11-8274-184E62A06D6B}.Release|Any CPU.Build.0 = Release|Any CPU
	EndGlobalSection
	GlobalSection(SolutionProperties) = preSolution
		HideSolutionNode = FALSE
	EndGlobalSection
	GlobalSection(ExtensibilityGlobals) = postSolution
		SolutionGuid = {15D832DB-F0C1-42F7-A5FC-D20197A6A7E2}
	EndGlobalSection
EndGlobal
